<?xml version="1.0" encoding="utf-8"?>
<Project ToolsVersion="4.0" xmlns="http://schemas.microsoft.com/developer/msbuild/2003">
  <ItemGroup>
    <Filter Include="Source Files">
      <UniqueIdentifier>{4FC737F1-C7A5-4376-A066-2A32D752A2FF}</UniqueIdentifier>
      <Extensions>cpp;c;cc;cxx;c++;cppm;ixx;def;odl;idl;hpj;bat;asm;asmx</Extensions>
    </Filter>
    <Filter Include="Header Files">
      <UniqueIdentifier>{93995380-89BD-4b04-88EB-625FBE52EBFB}</UniqueIdentifier>
      <Extensions>h;hh;hpp;hxx;h++;hm;inl;inc;ipp;xsd</Extensions>
    </Filter>
    <Filter Include="Resource Files">
      <UniqueIdentifier>{67DA6AB6-F800-4c08-8B7A-83BB121AAD01}</UniqueIdentifier>
      <Extensions>rc;ico;cur;bmp;dlg;rc2;rct;bin;rgs;gif;jpg;jpeg;jpe;resx;tiff;tif;png;wav;mfcribbon-ms</Extensions>
    </Filter>
    <Filter Include="Header Files\Elastic">
      <UniqueIdentifier>{cb7816f9-900c-48ee-a815-0577d02b128c}</UniqueIdentifier>
    </Filter>
    <Filter Include="Header Files\service">
      <UniqueIdentifier>{4854b37a-b802-4986-b804-06426cf23443}</UniqueIdentifier>
    </Filter>
    <Filter Include="Source Files\Elastic">
      <UniqueIdentifier>{83965f1d-1ae1-4ee2-b9d1-8f1132764721}</UniqueIdentifier>
    </Filter>
    <Filter Include="Header Files\Elastic_2D">
      <UniqueIdentifier>{0c11285d-fe40-478a-948b-e4ba1644fe20}</UniqueIdentifier>
    </Filter>
    <Filter Include="Source Files\Elastic_2D">
      <UniqueIdentifier>{fb5885d2-0b8e-428d-81ac-b783a024e3fb}</UniqueIdentifier>
    </Filter>
    <Filter Include="Header Files\Elastic_2D_arbitrary">
      <UniqueIdentifier>{f6ef6577-6573-496d-b2df-6a96c081b47a}</UniqueIdentifier>
    </Filter>
    <Filter Include="Source Files\Elastic_2D_arbitrary">
      <UniqueIdentifier>{62f73643-268e-4418-b1e2-57e62ee86b97}</UniqueIdentifier>
    </Filter>
    <Filter Include="Header Files\Elastic_3D_arbitrary">
      <UniqueIdentifier>{be0b7f56-3b48-4dd4-ba6e-df7cfc4c3bad}</UniqueIdentifier>
    </Filter>
    <Filter Include="Source Files\Elastic_3D_arbitrary">
      <UniqueIdentifier>{f54c0eaa-a298-46dc-8980-8be2937fbb43}</UniqueIdentifier>
    </Filter>
    <Filter Include="Header Files\Potential_3D_elliptical">
      <UniqueIdentifier>{171ebdea-8d76-4657-adb8-3479f863bcb6}</UniqueIdentifier>
    </Filter>
    <Filter Include="Source Files\Potential_3D_elliptical">
      <UniqueIdentifier>{fdd22e47-3cf4-4f59-ba90-7ff3ffd0305f}</UniqueIdentifier>
    </Filter>
  </ItemGroup>
  <ItemGroup>
    <ClCompile Include="main.cpp">
      <Filter>Source Files</Filter>
    </ClCompile>
    <ClCompile Include="BEMBuilderElastic3D.cpp">
      <Filter>Source Files\Elastic</Filter>
    </ClCompile>
    <ClCompile Include="BEMElasticHelper3D.cpp">
      <Filter>Source Files\Elastic</Filter>
    </ClCompile>
    <ClCompile Include="integratorElastic3D.cpp">
      <Filter>Source Files\Elastic</Filter>
    </ClCompile>
    <ClCompile Include="integratorElastic3DHelper.cpp">
      <Filter>Source Files\Elastic</Filter>
    </ClCompile>
    <ClCompile Include="postProcessorElastic3D.cpp">
      <Filter>Source Files\Elastic</Filter>
    </ClCompile>
    <ClCompile Include="ibemRunner.cpp">
      <Filter>Source Files</Filter>
    </ClCompile>
    <ClCompile Include="inputGenerator.cpp">
      <Filter>Source Files</Filter>
    </ClCompile>
    <ClCompile Include="configElastic3D.cpp">
      <Filter>Source Files\Elastic</Filter>
    </ClCompile>
    <ClCompile Include="integratorElastic2DHelper.cpp">
      <Filter>Source Files\Elastic_2D</Filter>
    </ClCompile>
    <ClCompile Include="BEMBuilderElastic2D.cpp">
      <Filter>Source Files\Elastic_2D</Filter>
    </ClCompile>
    <ClCompile Include="BEMElasticHelper2D.cpp">
      <Filter>Source Files\Elastic_2D</Filter>
    </ClCompile>
    <ClCompile Include="configElastic2D.cpp">
      <Filter>Source Files\Elastic_2D</Filter>
    </ClCompile>
    <ClCompile Include="integratorElastic2D.cpp">
      <Filter>Source Files\Elastic_2D</Filter>
    </ClCompile>
    <ClCompile Include="postProcessorElastic2D.cpp">
      <Filter>Source Files\Elastic_2D</Filter>
    </ClCompile>
    <ClCompile Include="configElastic2D_arbitrary.cpp">
      <Filter>Source Files\Elastic_2D_arbitrary</Filter>
    </ClCompile>
    <ClCompile Include="BEMElasticHelper2D_arbitrary.cpp">
      <Filter>Source Files\Elastic_2D_arbitrary</Filter>
    </ClCompile>
    <ClCompile Include="BEMBuilderElastic2D_arbitrary.cpp">
      <Filter>Source Files\Elastic_2D_arbitrary</Filter>
    </ClCompile>
    <ClCompile Include="integratorElastic2D_arbitrary.cpp">
      <Filter>Source Files\Elastic_2D_arbitrary</Filter>
    </ClCompile>
    <ClCompile Include="Uniform_polygon_integral.cpp">
      <Filter>Source Files\Elastic_2D_arbitrary</Filter>
    </ClCompile>
    <ClCompile Include="Linear_Polygon_integral.cpp">
      <Filter>Source Files\Elastic_2D_arbitrary</Filter>
    </ClCompile>
    <ClCompile Include="Quadratic_Polygon_integral.cpp">
      <Filter>Source Files\Elastic_2D_arbitrary</Filter>
    </ClCompile>
    <ClCompile Include="postProcessorElastic2D_arbitrary.cpp">
      <Filter>Source Files\Elastic_2D_arbitrary</Filter>
    </ClCompile>
    <ClCompile Include="configElastic3D_arbitrary.cpp">
      <Filter>Source Files\Elastic_3D_arbitrary</Filter>
    </ClCompile>
    <ClCompile Include="BEMBuilderElastic3D_arbitrary.cpp">
      <Filter>Source Files\Elastic_3D_arbitrary</Filter>
    </ClCompile>
    <ClCompile Include="integratorElastic3D_arbitrary.cpp">
      <Filter>Source Files\Elastic_3D_arbitrary</Filter>
    </ClCompile>
    <ClCompile Include="integratorhelper3D_arbitrary.cpp">
      <Filter>Source Files\Elastic_3D_arbitrary</Filter>
    </ClCompile>
    <ClCompile Include="Uniform_Polyhedral_integral.cpp">
      <Filter>Source Files\Elastic_3D_arbitrary</Filter>
    </ClCompile>
    <ClCompile Include="Linear_Polyhedral_integral.cpp">
      <Filter>Source Files\Elastic_3D_arbitrary</Filter>
    </ClCompile>
    <ClCompile Include="Quadratic_Polyhedral.integral.cpp">
      <Filter>Source Files\Elastic_3D_arbitrary</Filter>
    </ClCompile>
    <ClCompile Include="integratorhelper.cpp">
      <Filter>Source Files\Elastic_3D_arbitrary</Filter>
    </ClCompile>
    <ClCompile Include="postProcessorElastic3D_arbitrary.cpp">
      <Filter>Source Files\Elastic_3D_arbitrary</Filter>
    </ClCompile>
    <ClCompile Include="BEMBuilderPotential3D.cpp">
      <Filter>Source Files\Potential_3D_elliptical</Filter>
    </ClCompile>
    <ClCompile Include="BEMPotentialHelper3D.cpp">
      <Filter>Source Files\Potential_3D_elliptical</Filter>
    </ClCompile>
    <ClCompile Include="configPotential3D_elliptical.cpp">
      <Filter>Source Files\Potential_3D_elliptical</Filter>
    </ClCompile>
    <ClCompile Include="integratorhelperPotential3D_elliptical.cpp">
      <Filter>Source Files\Potential_3D_elliptical</Filter>
    </ClCompile>
    <ClCompile Include="integratorPotential3D_elliptical.cpp">
      <Filter>Source Files\Potential_3D_elliptical</Filter>
    </ClCompile>
    <ClCompile Include="postProcessorPotential3D_elliptical.cpp">
      <Filter>Source Files\Potential_3D_elliptical</Filter>
    </ClCompile>
  </ItemGroup>
  <ItemGroup>
    <ClInclude Include="BEMBuilderElastic3D.h">
      <Filter>Header Files\Elastic</Filter>
    </ClInclude>
    <ClInclude Include="BEMElasticHelper3D.h">
      <Filter>Header Files\Elastic</Filter>
    </ClInclude>
    <ClInclude Include="configElastic3D.h">
      <Filter>Header Files\Elastic</Filter>
    </ClInclude>
    <ClInclude Include="integratorElastic3D.h">
      <Filter>Header Files\Elastic</Filter>
    </ClInclude>
    <ClInclude Include="iBEMSystemService.h">
      <Filter>Header Files\service</Filter>
    </ClInclude>
    <ClInclude Include="postprocessService.h">
      <Filter>Header Files\service</Filter>
    </ClInclude>
    <ClInclude Include="preprocessService.h">
      <Filter>Header Files\service</Filter>
    </ClInclude>
    <ClInclude Include="systemSolverService.h">
      <Filter>Header Files\service</Filter>
    </ClInclude>
    <ClInclude Include="BEMBuilder.h">
      <Filter>Header Files</Filter>
    </ClInclude>
    <ClInclude Include="classFinder.h">
      <Filter>Header Files</Filter>
    </ClInclude>
    <ClInclude Include="Config.h">
      <Filter>Header Files</Filter>
    </ClInclude>
    <ClInclude Include="GlobalConstant.h">
      <Filter>Header Files</Filter>
    </ClInclude>
    <ClInclude Include="integrator.h">
      <Filter>Header Files</Filter>
    </ClInclude>
    <ClInclude Include="service.h">
      <Filter>Header Files</Filter>
    </ClInclude>
    <ClInclude Include="serviceWrapper.h">
      <Filter>Header Files</Filter>
    </ClInclude>
    <ClInclude Include="integratorElastic3DHelper.h">
      <Filter>Header Files\Elastic</Filter>
    </ClInclude>
    <ClInclude Include="postProcessor.h">
      <Filter>Header Files</Filter>
    </ClInclude>
    <ClInclude Include="postProcessorElastic3D.h">
      <Filter>Header Files\Elastic</Filter>
    </ClInclude>
    <ClInclude Include="systemSolverElastic3D.h">
      <Filter>Header Files\Elastic</Filter>
    </ClInclude>
    <ClInclude Include="systemSolver.h">
      <Filter>Header Files</Filter>
    </ClInclude>
    <ClInclude Include="ibemRunner.h">
      <Filter>Header Files</Filter>
    </ClInclude>
    <ClInclude Include="inputGenerator.h">
      <Filter>Header Files</Filter>
    </ClInclude>
    <ClInclude Include="BEMBuilderElastic2D.h">
      <Filter>Header Files\Elastic_2D</Filter>
    </ClInclude>
    <ClInclude Include="BEMElasticHelper2D.h">
      <Filter>Header Files\Elastic_2D</Filter>
    </ClInclude>
    <ClInclude Include="configElastic2D.h">
      <Filter>Header Files\Elastic_2D</Filter>
    </ClInclude>
    <ClInclude Include="integratorElastic2DHelper.h">
      <Filter>Header Files\Elastic_2D</Filter>
    </ClInclude>
    <ClInclude Include="systemSolverElastic2D.h">
      <Filter>Header Files\Elastic_2D</Filter>
    </ClInclude>
    <ClInclude Include="postProcessorElastic2D.h">
      <Filter>Header Files\Elastic_2D</Filter>
    </ClInclude>
    <ClInclude Include="integratorElastic2D.h">
      <Filter>Header Files\Elastic_2D</Filter>
    </ClInclude>
    <ClInclude Include="configElastic2D_arbitrary.h">
      <Filter>Header Files\Elastic_2D_arbitrary</Filter>
    </ClInclude>
    <ClInclude Include="BEMBuilderElastic2D_arbitrary.h">
      <Filter>Header Files\Elastic_2D_arbitrary</Filter>
    </ClInclude>
    <ClInclude Include="BEMElasticHelper2D_arbitrary.h">
      <Filter>Header Files\Elastic_2D_arbitrary</Filter>
    </ClInclude>
    <ClInclude Include="integratorElastic2D_arbitrary.h">
      <Filter>Header Files\Elastic_2D_arbitrary</Filter>
    </ClInclude>
    <ClInclude Include="Uniform_polygon_integral.h">
      <Filter>Header Files\Elastic_2D_arbitrary</Filter>
    </ClInclude>
    <ClInclude Include="Linear_Polygon_integral.h">
      <Filter>Header Files\Elastic_2D_arbitrary</Filter>
    </ClInclude>
    <ClInclude Include="Quadratic_Polygon_integral.h">
      <Filter>Header Files\Elastic_2D_arbitrary</Filter>
    </ClInclude>
    <ClInclude Include="systemSolverElastic2D_arbitrary.h">
      <Filter>Header Files\Elastic_2D_arbitrary</Filter>
    </ClInclude>
    <ClInclude Include="postProcessorElastic2D_arbitrary.h">
      <Filter>Header Files\Elastic_2D_arbitrary</Filter>
    </ClInclude>
    <ClInclude Include="configElastic3D_arbitrary.h">
      <Filter>Header Files\Elastic_3D_arbitrary</Filter>
    </ClInclude>
    <ClInclude Include="BEMBuilderElastic3D_arbitrary.h">
      <Filter>Header Files\Elastic_3D_arbitrary</Filter>
    </ClInclude>
    <ClInclude Include="integratorElastic3D_arbitrary.h">
      <Filter>Header Files\Elastic_3D_arbitrary</Filter>
    </ClInclude>
    <ClInclude Include="integratorhelper.h">
      <Filter>Header Files\Elastic_3D_arbitrary</Filter>
    </ClInclude>
    <ClInclude Include="Uniform_Polyhedral_integral.h">
      <Filter>Header Files\Elastic_3D_arbitrary</Filter>
    </ClInclude>
    <ClInclude Include="Linear_Polyhedral_integral.h">
      <Filter>Header Files\Elastic_3D_arbitrary</Filter>
    </ClInclude>
    <ClInclude Include="Quadratic_Polyhedral_integral.h">
      <Filter>Header Files\Elastic_3D_arbitrary</Filter>
    </ClInclude>
    <ClInclude Include="systemSolverElastic3D_arbitrary.h">
      <Filter>Header Files\Elastic_3D_arbitrary</Filter>
    </ClInclude>
    <ClInclude Include="postProcessorElastic3D_arbitrary.h">
      <Filter>Header Files\Elastic_3D_arbitrary</Filter>
    </ClInclude>
    <ClInclude Include="BEMBuilderPotential3D.h">
      <Filter>Header Files\Potential_3D_elliptical</Filter>
    </ClInclude>
    <ClInclude Include="BEMPotentialHelper3D.h">
      <Filter>Header Files\Potential_3D_elliptical</Filter>
    </ClInclude>
    <ClInclude Include="configPotential3D_elliptical.h">
      <Filter>Header Files\Potential_3D_elliptical</Filter>
    </ClInclude>
    <ClInclude Include="integratorhelperPotential3D_elliptical.h">
      <Filter>Header Files\Potential_3D_elliptical</Filter>
    </ClInclude>
    <ClInclude Include="integratorPotential3D_elliptical.h">
      <Filter>Header Files\Potential_3D_elliptical</Filter>
    </ClInclude>
    <ClInclude Include="postProcessorPotential3D_elliptical.h">
      <Filter>Header Files\Potential_3D_elliptical</Filter>
    </ClInclude>
    <ClInclude Include="systemSolverPotential3D_elliptical.h">
      <Filter>Header Files\Potential_3D_elliptical</Filter>
    </ClInclude>
  </ItemGroup>
</Project>