
Microsoft Visual Studio Solution File, Format Version 12.00
# Visual Studio Version 16
VisualStudioVersion = 16.0.31424.327
MinimumVisualStudioVersion = 10.0.40219.1
Project("{8BC9CEB8-8B4A-11D0-8D11-00A0C91BC942}") = "iBEMProject", "iBEMProject.vcxproj", "{101AF850-80B3-465B-9E22-15E4432B0C54}"
EndProject
Global
	GlobalSection(SolutionConfigurationPlatforms) = preSolution
		Debug|x64 = Debug|x64
		Debug|x86 = Debug|x86
		Release|x64 = Release|x64
		Release|x86 = Release|x86
	EndGlobalSection
	GlobalSection(ProjectConfigurationPlatforms) = postSolution
		{101AF850-80B3-465B-9E22-15E4432B0C54}.Debug|x64.ActiveCfg = Debug|x64
		{101AF850-80B3-465B-9E22-15E4432B0C54}.Debug|x64.Build.0 = Debug|x64
		{101AF850-80B3-465B-9E22-15E4432B0C54}.Debug|x86.ActiveCfg = Debug|Win32
		{101AF850-80B3-465B-9E22-15E4432B0C54}.Debug|x86.Build.0 = Debug|Win32
		{101AF850-80B3-465B-9E22-15E4432B0C54}.Release|x64.ActiveCfg = Release|x64
		{101AF850-80B3-465B-9E22-15E4432B0C54}.Release|x64.Build.0 = Release|x64
		{101AF850-80B3-465B-9E22-15E4432B0C54}.Release|x86.ActiveCfg = Release|Win32
		{101AF850-80B3-465B-9E22-15E4432B0C54}.Release|x86.Build.0 = Release|Win32
	EndGlobalSection
	GlobalSection(SolutionProperties) = preSolution
		HideSolutionNode = FALSE
	EndGlobalSection
	GlobalSection(ExtensibilityGlobals) = postSolution
		SolutionGuid = {7B85BEDE-6656-49FB-8FBD-17FE51B23960}
	EndGlobalSection
EndGlobal
